// !$*UTF8*$!
{
	archiveVersion = 1;
	classes = {
	};
	objectVersion = 46;
	objects = {

/* Begin PBXBuildFile section */
		FCA5EA301C75B2AB00C9FF58 /* AppDelegate.swift in Sources */ = {isa = PBXBuildFile; fileRef = FCA5EA2F1C75B2AB00C9FF58 /* AppDelegate.swift */; };
		FCA5EA321C75B2AB00C9FF58 /* ViewController.swift in Sources */ = {isa = PBXBuildFile; fileRef = FCA5EA311C75B2AB00C9FF58 /* ViewController.swift */; };
		FCA5EA351C75B2AB00C9FF58 /* Main.storyboard in Resources */ = {isa = PBXBuildFile; fileRef = FCA5EA331C75B2AB00C9FF58 /* Main.storyboard */; };
		FCA5EA371C75B2AB00C9FF58 /* Assets.xcassets in Resources */ = {isa = PBXBuildFile; fileRef = FCA5EA361C75B2AB00C9FF58 /* Assets.xcassets */; };
		FCA5EA3A1C75B2AB00C9FF58 /* LaunchScreen.storyboard in Resources */ = {isa = PBXBuildFile; fileRef = FCA5EA381C75B2AB00C9FF58 /* LaunchScreen.storyboard */; };
		FCA5EA451C75B2AB00C9FF58 /* TapperTests.swift in Sources */ = {isa = PBXBuildFile; fileRef = FCA5EA441C75B2AB00C9FF58 /* TapperTests.swift */; };
		FCA5EA501C75B2AB00C9FF58 /* TapperUITests.swift in Sources */ = {isa = PBXBuildFile; fileRef = FCA5EA4F1C75B2AB00C9FF58 /* TapperUITests.swift */; };
/* End PBXBuildFile section */

/* Begin PBXContainerItemProxy section */
		FCA5EA411C75B2AB00C9FF58 /* PBXContainerItemProxy */ = {
			isa = PBXContainerItemProxy;
			containerPortal = FCA5EA241C75B2AB00C9FF58 /* Project object */;
			proxyType = 1;
			remoteGlobalIDString = FCA5EA2B1C75B2AB00C9FF58;
			remoteInfo = Tapper;
		};
		FCA5EA4C1C75B2AB00C9FF58 /* PBXContainerItemProxy */ = {
			isa = PBXContainerItemProxy;
			containerPortal = FCA5EA241C75B2AB00C9FF58 /* Project object */;
			proxyType = 1;
			remoteGlobalIDString = FCA5EA2B1C75B2AB00C9FF58;
			remoteInfo = Tapper;
		};
/* End PBXContainerItemProxy section */

/* Begin PBXFileReference section */
		FCA5EA2C1C75B2AB00C9FF58 /* Tapper.app */ = {isa = PBXFileReference; explicitFileType = wrapper.application; includeInIndex = 0; path = Tapper.app; sourceTree = BUILT_PRODUCTS_DIR; };
		FCA5EA2F1C75B2AB00C9FF58 /* AppDelegate.swift */ = {isa = PBXFileReference; lastKnownFileType = sourcecode.swift; path = AppDelegate.swift; sourceTree = "<group>"; };
		FCA5EA311C75B2AB00C9FF58 /* ViewController.swift */ = {isa = PBXFileReference; lastKnownFileType = sourcecode.swift; path = ViewController.swift; sourceTree = "<group>"; };
		FCA5EA341C75B2AB00C9FF58 /* Base */ = {isa = PBXFileReference; lastKnownFileType = file.storyboard; name = Base; path = Base.lproj/Main.storyboard; sourceTree = "<group>"; };
		FCA5EA361C75B2AB00C9FF58 /* Assets.xcassets */ = {isa = PBXFileReference; lastKnownFileType = folder.assetcatalog; path = Assets.xcassets; sourceTree = "<group>"; };
		FCA5EA391C75B2AB00C9FF58 /* Base */ = {isa = PBXFileReference; lastKnownFileType = file.storyboard; name = Base; path = Base.lproj/LaunchScreen.storyboard; sourceTree = "<group>"; };
		FCA5EA3B1C75B2AB00C9FF58 /* Info.plist */ = {isa = PBXFileReference; lastKnownFileType = text.plist.xml; path = Info.plist; sourceTree = "<group>"; };
		FCA5EA401C75B2AB00C9FF58 /* TapperTests.xctest */ = {isa = PBXFileReference; explicitFileType = wrapper.cfbundle; includeInIndex = 0; path = TapperTests.xctest; sourceTree = BUILT_PRODUCTS_DIR; };
		FCA5EA441C75B2AB00C9FF58 /* TapperTests.swift */ = {isa = PBXFileReference; lastKnownFileType = sourcecode.swift; path = TapperTests.swift; sourceTree = "<group>"; };
		FCA5EA461C75B2AB00C9FF58 /* Info.plist */ = {isa = PBXFileReference; lastKnownFileType = text.plist.xml; path = Info.plist; sourceTree = "<group>"; };
		FCA5EA4B1C75B2AB00C9FF58 /* TapperUITests.xctest */ = {isa = PBXFileReference; explicitFileType = wrapper.cfbundle; includeInIndex = 0; path = TapperUITests.xctest; sourceTree = BUILT_PRODUCTS_DIR; };
		FCA5EA4F1C75B2AB00C9FF58 /* TapperUITests.swift */ = {isa = PBXFileReference; lastKnownFileType = sourcecode.swift; path = TapperUITests.swift; sourceTree = "<group>"; };
		FCA5EA511C75B2AB00C9FF58 /* Info.plist */ = {isa = PBXFileReference; lastKnownFileType = text.plist.xml; path = Info.plist; sourceTree = "<group>"; };
/* End PBXFileReference section */

/* Begin PBXFrameworksBuildPhase section */
		FCA5EA291C75B2AB00C9FF58 /* Frameworks */ = {
			isa = PBXFrameworksBuildPhase;
			buildActionMask = 2147483647;
			files = (
			);
			runOnlyForDeploymentPostprocessing = 0;
		};
		FCA5EA3D1C75B2AB00C9FF58 /* Frameworks */ = {
			isa = PBXFrameworksBuildPhase;
			buildActionMask = 2147483647;
			files = (
			);
			runOnlyForDeploymentPostprocessing = 0;
		};
		FCA5EA481C75B2AB00C9FF58 /* Frameworks */ = {
			isa = PBXFrameworksBuildPhase;
			buildActionMask = 2147483647;
			files = (
			);
			runOnlyForDeploymentPostprocessing = 0;
		};
/* End PBXFrameworksBuildPhase section */

/* Begin PBXGroup section */
		FCA5EA231C75B2AB00C9FF58 = {
			isa = PBXGroup;
			children = (
				FCA5EA2E1C75B2AB00C9FF58 /* Tapper */,
				FCA5EA431C75B2AB00C9FF58 /* TapperTests */,
				FCA5EA4E1C75B2AB00C9FF58 /* TapperUITests */,
				FCA5EA2D1C75B2AB00C9FF58 /* Products */,
			);
			sourceTree = "<group>";
		};
		FCA5EA2D1C75B2AB00C9FF58 /* Products */ = {
			isa = PBXGroup;
			children = (
				FCA5EA2C1C75B2AB00C9FF58 /* Tapper.app */,
				FCA5EA401C75B2AB00C9FF58 /* TapperTests.xctest */,
				FCA5EA4B1C75B2AB00C9FF58 /* TapperUITests.xctest */,
			);
			name = Products;
			sourceTree = "<group>";
		};
		FCA5EA2E1C75B2AB00C9FF58 /* Tapper */ = {
			isa = PBXGroup;
			children = (
				FCA5EA2F1C75B2AB00C9FF58 /* AppDelegate.swift */,
				FCA5EA311C75B2AB00C9FF58 /* ViewController.swift */,
				FCA5EA331C75B2AB00C9FF58 /* Main.storyboard */,
				FCA5EA361C75B2AB00C9FF58 /* Assets.xcassets */,
				FCA5EA381C75B2AB00C9FF58 /* LaunchScreen.storyboard */,
				FCA5EA3B1C75B2AB00C9FF58 /* Info.plist */,
			);
			path = Tapper;
			sourceTree = "<group>";
		};
		FCA5EA431C75B2AB00C9FF58 /* TapperTests */ = {
			isa = PBXGroup;
			children = (
				FCA5EA441C75B2AB00C9FF58 /* TapperTests.swift */,
				FCA5EA461C75B2AB00C9FF58 /* Info.plist */,
			);
			path = TapperTests;
			sourceTree = "<group>";
		};
		FCA5EA4E1C75B2AB00C9FF58 /* TapperUITests */ = {
			isa = PBXGroup;
			children = (
				FCA5EA4F1C75B2AB00C9FF58 /* TapperUITests.swift */,
				FCA5EA511C75B2AB00C9FF58 /* Info.plist */,
			);
			path = TapperUITests;
			sourceTree = "<group>";
		};
/* End PBXGroup section */

/* Begin PBXNativeTarget section */
		FCA5EA2B1C75B2AB00C9FF58 /* Tapper */ = {
			isa = PBXNativeTarget;
			buildConfigurationList = FCA5EA541C75B2AB00C9FF58 /* Build configuration list for PBXNativeTarget "Tapper" */;
			buildPhases = (
				FCA5EA281C75B2AB00C9FF58 /* Sources */,
				FCA5EA291C75B2AB00C9FF58 /* Frameworks */,
				FCA5EA2A1C75B2AB00C9FF58 /* Resources */,
			);
			buildRules = (
			);
			dependencies = (
			);
			name = Tapper;
			productName = Tapper;
			productReference = FCA5EA2C1C75B2AB00C9FF58 /* Tapper.app */;
			productType = "com.apple.product-type.application";
		};
		FCA5EA3F1C75B2AB00C9FF58 /* TapperTests */ = {
			isa = PBXNativeTarget;
			buildConfigurationList = FCA5EA571C75B2AB00C9FF58 /* Build configuration list for PBXNativeTarget "TapperTests" */;
			buildPhases = (
				FCA5EA3C1C75B2AB00C9FF58 /* Sources */,
				FCA5EA3D1C75B2AB00C9FF58 /* Frameworks */,
				FCA5EA3E1C75B2AB00C9FF58 /* Resources */,
			);
			buildRules = (
			);
			dependencies = (
				FCA5EA421C75B2AB00C9FF58 /* PBXTargetDependency */,
			);
			name = TapperTests;
			productName = TapperTests;
			productReference = FCA5EA401C75B2AB00C9FF58 /* TapperTests.xctest */;
			productType = "com.apple.product-type.bundle.unit-test";
		};
		FCA5EA4A1C75B2AB00C9FF58 /* TapperUITests */ = {
			isa = PBXNativeTarget;
			buildConfigurationList = FCA5EA5A1C75B2AB00C9FF58 /* Build configuration list for PBXNativeTarget "TapperUITests" */;
			buildPhases = (
				FCA5EA471C75B2AB00C9FF58 /* Sources */,
				FCA5EA481C75B2AB00C9FF58 /* Frameworks */,
				FCA5EA491C75B2AB00C9FF58 /* Resources */,
			);
			buildRules = (
			);
			dependencies = (
				FCA5EA4D1C75B2AB00C9FF58 /* PBXTargetDependency */,
			);
			name = TapperUITests;
			productName = TapperUITests;
			productReference = FCA5EA4B1C75B2AB00C9FF58 /* TapperUITests.xctest */;
			productType = "com.apple.product-type.bundle.ui-testing";
		};
/* End PBXNativeTarget section */

/* Begin PBXProject section */
		FCA5EA241C75B2AB00C9FF58 /* Project object */ = {
			isa = PBXProject;
			attributes = {
				LastSwiftUpdateCheck = 0720;
				LastUpgradeCheck = 0720;
				ORGANIZATIONNAME = "David Scheibe";
				TargetAttributes = {
					FCA5EA2B1C75B2AB00C9FF58 = {
						CreatedOnToolsVersion = 7.2.1;
					};
					FCA5EA3F1C75B2AB00C9FF58 = {
						CreatedOnToolsVersion = 7.2.1;
						TestTargetID = FCA5EA2B1C75B2AB00C9FF58;
					};
					FCA5EA4A1C75B2AB00C9FF58 = {
						CreatedOnToolsVersion = 7.2.1;
						TestTargetID = FCA5EA2B1C75B2AB00C9FF58;
					};
				};
			};
			buildConfigurationList = FCA5EA271C75B2AB00C9FF58 /* Build configuration list for PBXProject "Tapper" */;
			compatibilityVersion = "Xcode 3.2";
			developmentRegion = English;
			hasScannedForEncodings = 0;
			knownRegions = (
				en,
				Base,
			);
			mainGroup = FCA5EA231C75B2AB00C9FF58;
			productRefGroup = FCA5EA2D1C75B2AB00C9FF58 /* Products */;
			projectDirPath = "";
			projectRoot = "";
			targets = (
				FCA5EA2B1C75B2AB00C9FF58 /* Tapper */,
				FCA5EA3F1C75B2AB00C9FF58 /* TapperTests */,
				FCA5EA4A1C75B2AB00C9FF58 /* TapperUITests */,
			);
		};
/* End PBXProject section */

/* Begin PBXResourcesBuildPhase section */
		FCA5EA2A1C75B2AB00C9FF58 /* Resources */ = {
			isa = PBXResourcesBuildPhase;
			buildActionMask = 2147483647;
			files = (
				FCA5EA3A1C75B2AB00C9FF58 /* LaunchScreen.storyboard in Resources */,
				FCA5EA371C75B2AB00C9FF58 /* Assets.xcassets in Resources */,
				FCA5EA351C75B2AB00C9FF58 /* Main.storyboard in Resources */,
			);
			runOnlyForDeploymentPostprocessing = 0;
		};
		FCA5EA3E1C75B2AB00C9FF58 /* Resources */ = {
			isa = PBXResourcesBuildPhase;
			buildActionMask = 2147483647;
			files = (
			);
			runOnlyForDeploymentPostprocessing = 0;
		};
		FCA5EA491C75B2AB00C9FF58 /* Resources */ = {
			isa = PBXResourcesBuildPhase;
			buildActionMask = 2147483647;
			files = (
			);
			runOnlyForDeploymentPostprocessing = 0;
		};
/* End PBXResourcesBuildPhase section */

/* Begin PBXSourcesBuildPhase section */
		FCA5EA281C75B2AB00C9FF58 /* Sources */ = {
			isa = PBXSourcesBuildPhase;
			buildActionMask = 2147483647;
			files = (
				FCA5EA321C75B2AB00C9FF58 /* ViewController.swift in Sources */,
				FCA5EA301C75B2AB00C9FF58 /* AppDelegate.swift in Sources */,
			);
			runOnlyForDeploymentPostprocessing = 0;
		};
		FCA5EA3C1C75B2AB00C9FF58 /* Sources */ = {
			isa = PBXSourcesBuildPhase;
			buildActionMask = 2147483647;
			files = (
				FCA5EA451C75B2AB00C9FF58 /* TapperTests.swift in Sources */,
			);
			runOnlyForDeploymentPostprocessing = 0;
		};
		FCA5EA471C75B2AB00C9FF58 /* Sources */ = {
			isa = PBXSourcesBuildPhase;
			buildActionMask = 2147483647;
			files = (
				FCA5EA501C75B2AB00C9FF58 /* TapperUITests.swift in Sources */,
			);
			runOnlyForDeploymentPostprocessing = 0;
		};
/* End PBXSourcesBuildPhase section */

/* Begin PBXTargetDependency section */
		FCA5EA421C75B2AB00C9FF58 /* PBXTargetDependency */ = {
			isa = PBXTargetDependency;
			target = FCA5EA2B1C75B2AB00C9FF58 /* Tapper */;
			targetProxy = FCA5EA411C75B2AB00C9FF58 /* PBXContainerItemProxy */;
		};
		FCA5EA4D1C75B2AB00C9FF58 /* PBXTargetDependency */ = {
			isa = PBXTargetDependency;
			target = FCA5EA2B1C75B2AB00C9FF58 /* Tapper */;
			targetProxy = FCA5EA4C1C75B2AB00C9FF58 /* PBXContainerItemProxy */;
		};
/* End PBXTargetDependency section */

/* Begin PBXVariantGroup section */
		FCA5EA331C75B2AB00C9FF58 /* Main.storyboard */ = {
			isa = PBXVariantGroup;
			children = (
				FCA5EA341C75B2AB00C9FF58 /* Base */,
			);
			name = Main.storyboard;
			sourceTree = "<group>";
		};
		FCA5EA381C75B2AB00C9FF58 /* LaunchScreen.storyboard */ = {
			isa = PBXVariantGroup;
			children = (
				FCA5EA391C75B2AB00C9FF58 /* Base */,
			);
			name = LaunchScreen.storyboard;
			sourceTree = "<group>";
		};
/* End PBXVariantGroup section */

/* Begin XCBuildConfiguration section */
		FCA5EA521C75B2AB00C9FF58 /* Debug */ = {
			isa = XCBuildConfiguration;
			buildSettings = {
				ALWAYS_SEARCH_USER_PATHS = NO;
				CLANG_CXX_LANGUAGE_STANDARD = "gnu++0x";
				CLANG_CXX_LIBRARY = "libc++";
				CLANG_ENABLE_MODULES = YES;
				CLANG_ENABLE_OBJC_ARC = YES;
				CLANG_WARN_BOOL_CONVERSION = YES;
				CLANG_WARN_CONSTANT_CONVERSION = YES;
				CLANG_WARN_DIRECT_OBJC_ISA_USAGE = YES_ERROR;
				CLANG_WARN_EMPTY_BODY = YES;
				CLANG_WARN_ENUM_CONVERSION = YES;
				CLANG_WARN_INT_CONVERSION = YES;
				CLANG_WARN_OBJC_ROOT_CLASS = YES_ERROR;
				CLANG_WARN_UNREACHABLE_CODE = YES;
				CLANG_WARN__DUPLICATE_METHOD_MATCH = YES;
				"CODE_SIGN_IDENTITY[sdk=iphoneos*]" = "iPhone Developer";
				COPY_PHASE_STRIP = NO;
				DEBUG_INFORMATION_FORMAT = dwarf;
				ENABLE_STRICT_OBJC_MSGSEND = YES;
				ENABLE_TESTABILITY = YES;
				GCC_C_LANGUAGE_STANDARD = gnu99;
				GCC_DYNAMIC_NO_PIC = NO;
				GCC_NO_COMMON_BLOCKS = YES;
				GCC_OPTIMIZATION_LEVEL = 0;
				GCC_PREPROCESSOR_DEFINITIONS = (
					"DEBUG=1",
					"$(inherited)",
				);
				GCC_WARN_64_TO_32_BIT_CONVERSION = YES;
				GCC_WARN_ABOUT_RETURN_TYPE = YES_ERROR;
				GCC_WARN_UNDECLARED_SELECTOR = YES;
				GCC_WARN_UNINITIALIZED_AUTOS = YES_AGGRESSIVE;
				GCC_WARN_UNUSED_FUNCTION = YES;
				GCC_WARN_UNUSED_VARIABLE = YES;
				IPHONEOS_DEPLOYMENT_TARGET = 9.2;
				MTL_ENABLE_DEBUG_INFO = YES;
				ONLY_ACTIVE_ARCH = YES;
				SDKROOT = iphoneos;
				SWIFT_OPTIMIZATION_LEVEL = "-Onone";
				TARGETED_DEVICE_FAMILY = "1,2";
			};
			name = Debug;
		};
		FCA5EA531C75B2AB00C9FF58 /* Release */ = {
			isa = XCBuildConfiguration;
			buildSettings = {
				ALWAYS_SEARCH_USER_PATHS = NO;
				CLANG_CXX_LANGUAGE_STANDARD = "gnu++0x";
				CLANG_CXX_LIBRARY = "libc++";
				CLANG_ENABLE_MODULES = YES;
				CLANG_ENABLE_OBJC_ARC = YES;
				CLANG_WARN_BOOL_CONVERSION = YES;
				CLANG_WARN_CONSTANT_CONVERSION = YES;
				CLANG_WARN_DIRECT_OBJC_ISA_USAGE = YES_ERROR;
				CLANG_WARN_EMPTY_BODY = YES;
				CLANG_WARN_ENUM_CONVERSION = YES;
				CLANG_WARN_INT_CONVERSION = YES;
				CLANG_WARN_OBJC_ROOT_CLASS = YES_ERROR;
				CLANG_WARN_UNREACHABLE_CODE = YES;
				CLANG_WARN__DUPLICATE_METHOD_MATCH = YES;
				"CODE_SIGN_IDENTITY[sdk=iphoneos*]" = "iPhone Developer";
				COPY_PHASE_STRIP = NO;
				DEBUG_INFORMATION_FORMAT = "dwarf-with-dsym";
				ENABLE_NS_ASSERTIONS = NO;
				ENABLE_STRICT_OBJC_MSGSEND = YES;
				GCC_C_LANGUAGE_STANDARD = gnu99;
				GCC_NO_COMMON_BLOCKS = YES;
				GCC_WARN_64_TO_32_BIT_CONVERSION = YES;
				GCC_WARN_ABOUT_RETURN_TYPE = YES_ERROR;
				GCC_WARN_UNDECLARED_SELECTOR = YES;
				GCC_WARN_UNINITIALIZED_AUTOS = YES_AGGRESSIVE;
				GCC_WARN_UNUSED_FUNCTION = YES;
				GCC_WARN_UNUSED_VARIABLE = YES;
				IPHONEOS_DEPLOYMENT_TARGET = 9.2;
				MTL_ENABLE_DEBUG_INFO = NO;
				SDKROOT = iphoneos;
				TARGETED_DEVICE_FAMILY = "1,2";
				VALIDATE_PRODUCT = YES;
			};
			name = Release;
		};
		FCA5EA551C75B2AB00C9FF58 /* Debug */ = {
			isa = XCBuildConfiguration;
			buildSettings = {
				ASSETCATALOG_COMPILER_APPICON_NAME = AppIcon;
				INFOPLIST_FILE = Tapper/Info.plist;
				LD_RUNPATH_SEARCH_PATHS = "$(inherited) @executable_path/Frameworks";
				PRODUCT_BUNDLE_IDENTIFIER = "Scheibe-LLC..Tapper";
				PRODUCT_NAME = "$(TARGET_NAME)";
			};
			name = Debug;
		};
		FCA5EA561C75B2AB00C9FF58 /* Release */ = {
			isa = XCBuildConfiguration;
			buildSettings = {
				ASSETCATALOG_COMPILER_APPICON_NAME = AppIcon;
				INFOPLIST_FILE = Tapper/Info.plist;
				LD_RUNPATH_SEARCH_PATHS = "$(inherited) @executable_path/Frameworks";
				PRODUCT_BUNDLE_IDENTIFIER = "Scheibe-LLC..Tapper";
				PRODUCT_NAME = "$(TARGET_NAME)";
			};
			name = Release;
		};
		FCA5EA581C75B2AB00C9FF58 /* Debug */ = {
			isa = XCBuildConfiguration;
			buildSettings = {
				BUNDLE_LOADER = "$(TEST_HOST)";
				INFOPLIST_FILE = TapperTests/Info.plist;
				LD_RUNPATH_SEARCH_PATHS = "$(inherited) @executable_path/Frameworks @loader_path/Frameworks";
				PRODUCT_BUNDLE_IDENTIFIER = "Scheibe-LLC..TapperTests";
				PRODUCT_NAME = "$(TARGET_NAME)";
				TEST_HOST = "$(BUILT_PRODUCTS_DIR)/Tapper.app/Tapper";
			};
			name = Debug;
		};
		FCA5EA591C75B2AB00C9FF58 /* Release */ = {
			isa = XCBuildConfiguration;
			buildSettings = {
				BUNDLE_LOADER = "$(TEST_HOST)";
				INFOPLIST_FILE = TapperTests/Info.plist;
				LD_RUNPATH_SEARCH_PATHS = "$(inherited) @executable_path/Frameworks @loader_path/Frameworks";
				PRODUCT_BUNDLE_IDENTIFIER = "Scheibe-LLC..TapperTests";
				PRODUCT_NAME = "$(TARGET_NAME)";
				TEST_HOST = "$(BUILT_PRODUCTS_DIR)/Tapper.app/Tapper";
			};
			name = Release;
		};
		FCA5EA5B1C75B2AB00C9FF58 /* Debug */ = {
			isa = XCBuildConfiguration;
			buildSettings = {
				INFOPLIST_FILE = TapperUITests/Info.plist;
				LD_RUNPATH_SEARCH_PATHS = "$(inherited) @executable_path/Frameworks @loader_path/Frameworks";
				PRODUCT_BUNDLE_IDENTIFIER = "Scheibe-LLC..TapperUITests";
				PRODUCT_NAME = "$(TARGET_NAME)";
				TEST_TARGET_NAME = Tapper;
				USES_XCTRUNNER = YES;
			};
			name = Debug;
		};
		FCA5EA5C1C75B2AB00C9FF58 /* Release */ = {
			isa = XCBuildConfiguration;
			buildSettings = {
				INFOPLIST_FILE = TapperUITests/Info.plist;
				LD_RUNPATH_SEARCH_PATHS = "$(inherited) @executable_path/Frameworks @loader_path/Frameworks";
				PRODUCT_BUNDLE_IDENTIFIER = "Scheibe-LLC..TapperUITests";
				PRODUCT_NAME = "$(TARGET_NAME)";
				TEST_TARGET_NAME = Tapper;
				USES_XCTRUNNER = YES;
			};
			name = Release;
		};
/* End XCBuildConfiguration section */

/* Begin XCConfigurationList section */
		FCA5EA271C75B2AB00C9FF58 /* Build configuration list for PBXProject "Tapper" */ = {
			isa = XCConfigurationList;
			buildConfigurations = (
				FCA5EA521C75B2AB00C9FF58 /* Debug */,
				FCA5EA531C75B2AB00C9FF58 /* Release */,
			);
			defaultConfigurationIsVisible = 0;
			defaultConfigurationName = Release;
		};
		FCA5EA541C75B2AB00C9FF58 /* Build configuration list for PBXNativeTarget "Tapper" */ = {
			isa = XCConfigurationList;
			buildConfigurations = (
				FCA5EA551C75B2AB00C9FF58 /* Debug */,
				FCA5EA561C75B2AB00C9FF58 /* Release */,
			);
			defaultConfigurationIsVisible = 0;
		};
		FCA5EA571C75B2AB00C9FF58 /* Build configuration list for PBXNativeTarget "TapperTests" */ = {
			isa = XCConfigurationList;
			buildConfigurations = (
				FCA5EA581C75B2AB00C9FF58 /* Debug */,
				FCA5EA591C75B2AB00C9FF58 /* Release */,
			);
			defaultConfigurationIsVisible = 0;
		};
		FCA5EA5A1C75B2AB00C9FF58 /* Build configuration list for PBXNativeTarget "TapperUITests" */ = {
			isa = XCConfigurationList;
			buildConfigurations = (
				FCA5EA5B1C75B2AB00C9FF58 /* Debug */,
				FCA5EA5C1C75B2AB00C9FF58 /* Release */,
			);
			defaultConfigurationIsVisible = 0;
		};
/* End XCConfigurationList section */
	};
	rootObject = FCA5EA241C75B2AB00C9FF58 /* Project object */;
}
